
Microsoft Visual Studio Solution File, Format Version 12.00
# Visual Studio 15
VisualStudioVersion = 15.0.28307.779
MinimumVisualStudioVersion = 10.0.40219.1
Project("{FAE04EC0-301F-11D3-BF4B-00C04F79EFBC}") = "Assignment001", "Assignment001\Assignment001.csproj", "{81817CAD-455D-4AD7-B3C1-CC05FB7ECF39}"
EndProject
Global
	GlobalSection(SolutionConfigurationPlatforms) = preSolution
		Debug|Any CPU = Debug|Any CPU
		Release|Any CPU = Release|Any CPU
	EndGlobalSection
	GlobalSection(ProjectConfigurationPlatforms) = postSolution
		{81817CAD-455D-4AD7-B3C1-CC05FB7ECF39}.Debug|Any CPU.ActiveCfg = Debug|Any CPU
		{81817CAD-455D-4AD7-B3C1-CC05FB7ECF39}.Debug|Any CPU.Build.0 = Debug|Any CPU
		{81817CAD-455D-4AD7-B3C1-CC05FB7ECF39}.Release|Any CPU.ActiveCfg = Release|Any CPU
		{81817CAD-455D-4AD7-B3C1-CC05FB7ECF39}.Release|Any CPU.Build.0 = Release|Any CPU
	EndGlobalSection
	GlobalSection(SolutionProperties) = preSolution
		HideSolutionNode = FALSE
	EndGlobalSection
	GlobalSection(ExtensibilityGlobals) = postSolution
		SolutionGuid = {759A8FE3-D063-45EF-9F94-6AB47A77EDB4}
	EndGlobalSection
EndGlobal
